{
  "name": "web-scrabing",
  "lockfileVersion": 3,
  "requires": true,
  "packages": {
    "": {
      "name": "web-scrabing",
      "dependencies": {
        "react-charts": "^0.0.1",
        "react-loading-indicators": "^0.0.11"
      }
    },
    "node_modules/amdefine": {
      "version": "1.0.1",
      "resolved": "https://registry.npmjs.org/amdefine/-/amdefine-1.0.1.tgz",
      "integrity": "sha512-S2Hw0TtNkMJhIabBwIojKL9YHO5T0n5eNqWJ7Lrlel/zDbftQpxpapi8tZs3X1HWa+u+QeydGmzzNU0m09+Rcg==",
      "peer": true,
      "engines": {
        "node": ">=0.4.2"
      }
    },
    "node_modules/base62": {
      "version": "0.1.1",
      "resolved": "https://registry.npmjs.org/base62/-/base62-0.1.1.tgz",
      "integrity": "sha512-QtExujIOq/F672OkHmDi3CdkphOA1kSQ38gv03Ro3cplYQk831dq9GM3Q1oXAxpR5HNJjGjjjT2pHtBGAJu1jw==",
      "peer": true,
      "engines": {
        "node": "*"
      }
    },
    "node_modules/envify": {
      "version": "1.2.1",
      "resolved": "https://registry.npmjs.org/envify/-/envify-1.2.1.tgz",
      "integrity": "sha512-iShXdC8O/5jo8hPIh65Y1M28YkxW4cqPw3/mg4g5q4RQbMUljOeWp2Ctno4S1ZyTUyoGrioGAZu2t9kP79wp0Q==",
      "peer": true,
      "dependencies": {
        "esprima-fb": "~3001.1.0-dev-harmony-fb",
        "jstransform": "~3.0.0",
        "through": "~2.3.4",
        "xtend": "~2.1.2"
      },
      "bin": {
        "envify": "bin/envify"
      }
    },
    "node_modules/esprima-fb": {
      "version": "3001.1.0-dev-harmony-fb",
      "resolved": "https://registry.npmjs.org/esprima-fb/-/esprima-fb-3001.0001.0000-dev-harmony-fb.tgz",
      "integrity": "sha512-a3RFiCVBiy8KdO6q/C+8BQiP/sRk8XshBU3QHHDP8tNzjYwR3FKBOImu+PXfVhPoZL0JKtJLBAOWlDMCCFY8SQ==",
      "peer": true,
      "bin": {
        "esparse": "bin/esparse.js",
        "esvalidate": "bin/esvalidate.js"
      },
      "engines": {
        "node": ">=0.4.0"
      }
    },
    "node_modules/js-tokens": {
      "version": "4.0.0",
      "resolved": "https://registry.npmjs.org/js-tokens/-/js-tokens-4.0.0.tgz",
      "integrity": "sha512-RdJUflcE3cUzKiMqQgsCu06FPu9UdIJO0beYbPhHN4k6apgJtifcoCtT9bcxOpYBtpD2kCM6Sbzg4CausW/PKQ==",
      "peer": true
    },
    "node_modules/jstransform": {
      "version": "3.0.0",
      "resolved": "https://registry.npmjs.org/jstransform/-/jstransform-3.0.0.tgz",
      "integrity": "sha512-sMwqW0EdQk2A5NjddlcSSLp6t7pIknOrJtxPU3kMN82RJXPGbdC3fcM5VhIsApNKL1hpeH38iSQsJRbgprPQZg==",
      "peer": true,
      "dependencies": {
        "base62": "0.1.1",
        "esprima-fb": "~3001.1.0-dev-harmony-fb",
        "source-map": "0.1.31"
      },
      "engines": {
        "node": ">=0.8.8"
      }
    },
    "node_modules/loose-envify": {
      "version": "1.4.0",
      "resolved": "https://registry.npmjs.org/loose-envify/-/loose-envify-1.4.0.tgz",
      "integrity": "sha512-lyuxPGr/Wfhrlem2CL/UcnUc1zcqKAImBDzukY7Y5F/yQiNdko6+fRLevlw1HgMySw7f611UIY408EtxRSoK3Q==",
      "peer": true,
      "dependencies": {
        "js-tokens": "^3.0.0 || ^4.0.0"
      },
      "bin": {
        "loose-envify": "cli.js"
      }
    },
    "node_modules/numeral": {
      "version": "1.5.6",
      "resolved": "https://registry.npmjs.org/numeral/-/numeral-1.5.6.tgz",
      "integrity": "sha512-ajp+xurmcvkOLZURhHP2O7AyyF+v2xQDeCODlzALrNeAQnriYaWu0c8I/mu985WaVl2O2lgdOt0QgQHlCAQ3UA==",
      "engines": {
        "node": "*"
      }
    },
    "node_modules/object-keys": {
      "version": "0.4.0",
      "resolved": "https://registry.npmjs.org/object-keys/-/object-keys-0.4.0.tgz",
      "integrity": "sha512-ncrLw+X55z7bkl5PnUvHwFK9FcGuFYo9gtjws2XtSzL+aZ8tm830P60WJ0dSmFVaSalWieW5MD7kEdnXda9yJw==",
      "peer": true
    },
    "node_modules/randgen": {
      "version": "0.1.0",
      "resolved": "https://registry.npmjs.org/randgen/-/randgen-0.1.0.tgz",
      "integrity": "sha512-z0xKLFpnQdh+HxSDrR71trUqR/U8OnPUU3FYRXdZDr3sw99+scgFIZmwSHbR2L//sgX5oq9opfZTkC5v1WCkoQ=="
    },
    "node_modules/react": {
      "version": "18.2.0",
      "resolved": "https://registry.npmjs.org/react/-/react-18.2.0.tgz",
      "integrity": "sha512-/3IjMdb2L9QbBdWiW5e3P2/npwMBaU9mHCSCUzNln0ZCYbcfTsGbTJrU/kGemdH2IWmB2ioZ+zkxtmq6g09fGQ==",
      "peer": true,
      "dependencies": {
        "loose-envify": "^1.1.0"
      },
      "engines": {
        "node": ">=0.10.0"
      }
    },
    "node_modules/react-charts": {
      "version": "0.0.1",
      "resolved": "https://registry.npmjs.org/react-charts/-/react-charts-0.0.1.tgz",
      "integrity": "sha512-tdR8ywYrhC0lC/5XNs99DenhA62S8LvMvH4oY2mnZnHCYWMwrMI+4u7GRq3DIIavBfUi4h/FDQUzpScy5s1upw==",
      "dependencies": {
        "numeral": "^1.5.3",
        "randgen": "^0.1.0",
        "react": "~0.10.0"
      }
    },
    "node_modules/react-charts/node_modules/react": {
      "version": "0.10.0",
      "resolved": "https://registry.npmjs.org/react/-/react-0.10.0.tgz",
      "integrity": "sha512-BJHANYsDIKYPZVKp1qjynvmELGETFvFzGsj1SLPOwRjnm1QtMp38fUcf67uc5T+QBBx29xHcgn3BNVug7/mwBA==",
      "engines": {
        "node": ">=0.10.0"
      },
      "peerDependencies": {
        "envify": "~1.2.0"
      }
    },
    "node_modules/react-dom": {
      "version": "18.2.0",
      "resolved": "https://registry.npmjs.org/react-dom/-/react-dom-18.2.0.tgz",
      "integrity": "sha512-6IMTriUmvsjHUjNtEDudZfuDQUoWXVxKHhlEGSk81n4YFS+r/Kl99wXiwlVXtPBtJenozv2P+hxDsw9eA7Xo6g==",
      "peer": true,
      "dependencies": {
        "loose-envify": "^1.1.0",
        "scheduler": "^0.23.0"
      },
      "peerDependencies": {
        "react": "^18.2.0"
      }
    },
    "node_modules/react-loading-indicators": {
      "version": "0.0.11",
      "resolved": "https://registry.npmjs.org/react-loading-indicators/-/react-loading-indicators-0.0.11.tgz",
      "integrity": "sha512-ZG3u0APZ2mxh5BKWoBvqqd8cM8+xw2C6/72YgnZzmb6wvSDnupgRjMK/f2vBlmevtPMdeHleCwRqxoNRPiA+WQ==",
      "peerDependencies": {
        "react": ">=16.8.0",
        "react-dom": ">=16.8.0"
      }
    },
    "node_modules/scheduler": {
      "version": "0.23.0",
      "resolved": "https://registry.npmjs.org/scheduler/-/scheduler-0.23.0.tgz",
      "integrity": "sha512-CtuThmgHNg7zIZWAXi3AsyIzA3n4xx7aNyjwC2VJldO2LMVDhFK+63xGqq6CsJH4rTAt6/M+N4GhZiDYPx9eUw==",
      "peer": true,
      "dependencies": {
        "loose-envify": "^1.1.0"
      }
    },
    "node_modules/source-map": {
      "version": "0.1.31",
      "resolved": "https://registry.npmjs.org/source-map/-/source-map-0.1.31.tgz",
      "integrity": "sha512-qFALUiKHo35Duky0Ubmb5YKj9b3c6CcgGNGeI60sd6Nn3KaY7h9fclEOcCVk0hwszwYYP6+X2/jpS5hHqqVuig==",
      "peer": true,
      "dependencies": {
        "amdefine": ">=0.0.4"
      },
      "engines": {
        "node": ">=0.8.0"
      }
    },
    "node_modules/through": {
      "version": "2.3.8",
      "resolved": "https://registry.npmjs.org/through/-/through-2.3.8.tgz",
      "integrity": "sha512-w89qg7PI8wAdvX60bMDP+bFoD5Dvhm9oLheFp5O4a2QF0cSBGsBX4qZmadPMvVqlLJBBci+WqGGOAPvcDeNSVg==",
      "peer": true
    },
    "node_modules/xtend": {
      "version": "2.1.2",
      "resolved": "https://registry.npmjs.org/xtend/-/xtend-2.1.2.tgz",
      "integrity": "sha512-vMNKzr2rHP9Dp/e1NQFnLQlwlhp9L/LfvnsVdHxN1f+uggyVI3i08uD14GPvCToPkdsRfyPqIyYGmIk58V98ZQ==",
      "peer": true,
      "dependencies": {
        "object-keys": "~0.4.0"
      },
      "engines": {
        "node": ">=0.4"
      }
    }
  }
}
